
Microsoft Visual Studio Solution File, Format Version 12.00
# Visual Studio Version 16
VisualStudioVersion = 16.0.31515.178
MinimumVisualStudioVersion = 10.0.40219.1
Project("{FAE04EC0-301F-11D3-BF4B-00C04F79EFBC}") = "Calculator", "Calculator\Calculator.csproj", "{C0EA2A18-BD67-4C9A-8046-03F317B75134}"
EndProject
Global
	GlobalSection(SolutionConfigurationPlatforms) = preSolution
		Debug|Any CPU = Debug|Any CPU
		Release|Any CPU = Release|Any CPU
	EndGlobalSection
	GlobalSection(ProjectConfigurationPlatforms) = postSolution
		{C0EA2A18-BD67-4C9A-8046-03F317B75134}.Debug|Any CPU.ActiveCfg = Debug|Any CPU
		{C0EA2A18-BD67-4C9A-8046-03F317B75134}.Debug|Any CPU.Build.0 = Debug|Any CPU
		{C0EA2A18-BD67-4C9A-8046-03F317B75134}.Release|Any CPU.ActiveCfg = Release|Any CPU
		{C0EA2A18-BD67-4C9A-8046-03F317B75134}.Release|Any CPU.Build.0 = Release|Any CPU
	EndGlobalSection
	GlobalSection(SolutionProperties) = preSolution
		HideSolutionNode = FALSE
	EndGlobalSection
	GlobalSection(ExtensibilityGlobals) = postSolution
		SolutionGuid = {DE8975B5-5816-4880-A3C9-C49B8601B991}
	EndGlobalSection
EndGlobal
